// !$*UTF8*$!
{
	archiveVersion = 1;
	classes = {
	};
	objectVersion = 46;
	objects = {

/* Begin PBXBuildFile section */
		AE93BE28228783D6008118D7 /* CGAffineTransformTests.swift in Sources */ = {isa = PBXBuildFile; fileRef = AE93BE1E228783D6008118D7 /* CGAffineTransformTests.swift */; };
		AE93BE29228783D6008118D7 /* CGLineJoinTests.swift in Sources */ = {isa = PBXBuildFile; fileRef = AE93BE1F228783D6008118D7 /* CGLineJoinTests.swift */; };
		AE93BE2A228783D6008118D7 /* CGSizeTests.swift in Sources */ = {isa = PBXBuildFile; fileRef = AE93BE20228783D6008118D7 /* CGSizeTests.swift */; };
		AE93BE2B228783D6008118D7 /* CGFloatTests.swift in Sources */ = {isa = PBXBuildFile; fileRef = AE93BE21228783D6008118D7 /* CGFloatTests.swift */; };
		AE93BE2C228783D6008118D7 /* CGVectorTests.swift in Sources */ = {isa = PBXBuildFile; fileRef = AE93BE22228783D6008118D7 /* CGVectorTests.swift */; };
		AE93BE2D228783D6008118D7 /* CGPointTests.swift in Sources */ = {isa = PBXBuildFile; fileRef = AE93BE23228783D6008118D7 /* CGPointTests.swift */; };
		AE93BE2E228783D6008118D7 /* CGLineCapTests.swift in Sources */ = {isa = PBXBuildFile; fileRef = AE93BE24228783D6008118D7 /* CGLineCapTests.swift */; };
		AE93BE30228783D6008118D7 /* CGRectTests.swift in Sources */ = {isa = PBXBuildFile; fileRef = AE93BE26228783D6008118D7 /* CGRectTests.swift */; };
		AE93BE3C228783E7008118D7 /* CGSize+Outlaw.swift in Sources */ = {isa = PBXBuildFile; fileRef = AE93BE34228783E7008118D7 /* CGSize+Outlaw.swift */; };
		AE93BE3D228783E7008118D7 /* CGRect+Outlaw.swift in Sources */ = {isa = PBXBuildFile; fileRef = AE93BE35228783E7008118D7 /* CGRect+Outlaw.swift */; };
		AE93BE3E228783E7008118D7 /* CGAffineTransform+Outlaw.swift in Sources */ = {isa = PBXBuildFile; fileRef = AE93BE36228783E7008118D7 /* CGAffineTransform+Outlaw.swift */; };
		AE93BE3F228783E7008118D7 /* CGLineCap+String.swift in Sources */ = {isa = PBXBuildFile; fileRef = AE93BE37228783E7008118D7 /* CGLineCap+String.swift */; };
		AE93BE40228783E7008118D7 /* CGPoint+Outlaw.swift in Sources */ = {isa = PBXBuildFile; fileRef = AE93BE38228783E7008118D7 /* CGPoint+Outlaw.swift */; };
		AE93BE41228783E7008118D7 /* CGVector+Outlaw.swift in Sources */ = {isa = PBXBuildFile; fileRef = AE93BE39228783E7008118D7 /* CGVector+Outlaw.swift */; };
		AE93BE42228783E7008118D7 /* CGLineJoin+String.swift in Sources */ = {isa = PBXBuildFile; fileRef = AE93BE3A228783E7008118D7 /* CGLineJoin+String.swift */; };
		AE93BE43228783E7008118D7 /* CGFloat+Outlaw.swift in Sources */ = {isa = PBXBuildFile; fileRef = AE93BE3B228783E7008118D7 /* CGFloat+Outlaw.swift */; };
		AE93BE4E228786DC008118D7 /* Outlaw.framework in Frameworks */ = {isa = PBXBuildFile; fileRef = AE93BE4D228786DC008118D7 /* Outlaw.framework */; };
		AE93BE50228786F2008118D7 /* Outlaw.framework in Frameworks */ = {isa = PBXBuildFile; fileRef = AE93BE4F228786F2008118D7 /* Outlaw.framework */; };
		AEB49CB91E05DF240046FB29 /* OutlawCoreGraphics.framework in Frameworks */ = {isa = PBXBuildFile; fileRef = AEB49CAF1E05DF240046FB29 /* OutlawCoreGraphics.framework */; };
/* End PBXBuildFile section */

/* Begin PBXContainerItemProxy section */
		AEB49CBA1E05DF240046FB29 /* PBXContainerItemProxy */ = {
			isa = PBXContainerItemProxy;
			containerPortal = AEB49CA61E05DF240046FB29 /* Project object */;
			proxyType = 1;
			remoteGlobalIDString = AEB49CAE1E05DF240046FB29;
			remoteInfo = OutlawCoreGraphics;
		};
/* End PBXContainerItemProxy section */

/* Begin PBXFileReference section */
		AE93BE11228783C6008118D7 /* Info.plist */ = {isa = PBXFileReference; lastKnownFileType = text.plist.xml; path = Info.plist; sourceTree = "<group>"; };
		AE93BE12228783C6008118D7 /* Molbie-Conditionals.xcconfig */ = {isa = PBXFileReference; lastKnownFileType = text.xcconfig; path = "Molbie-Conditionals.xcconfig"; sourceTree = "<group>"; };
		AE93BE13228783C6008118D7 /* Molbie-Release.xcconfig */ = {isa = PBXFileReference; lastKnownFileType = text.xcconfig; path = "Molbie-Release.xcconfig"; sourceTree = "<group>"; };
		AE93BE14228783C6008118D7 /* Molbie-Debug.xcconfig */ = {isa = PBXFileReference; lastKnownFileType = text.xcconfig; path = "Molbie-Debug.xcconfig"; sourceTree = "<group>"; };
		AE93BE19228783C6008118D7 /* OutlawCoreGraphics.h */ = {isa = PBXFileReference; lastKnownFileType = sourcecode.c.h; path = OutlawCoreGraphics.h; sourceTree = "<group>"; };
		AE93BE1A228783C6008118D7 /* Info.plist */ = {isa = PBXFileReference; lastKnownFileType = text.plist.xml; path = Info.plist; sourceTree = "<group>"; };
		AE93BE1B228783C6008118D7 /* Molbie-Base.xcconfig */ = {isa = PBXFileReference; lastKnownFileType = text.xcconfig; path = "Molbie-Base.xcconfig"; sourceTree = "<group>"; };
		AE93BE1E228783D6008118D7 /* CGAffineTransformTests.swift */ = {isa = PBXFileReference; fileEncoding = 4; lastKnownFileType = sourcecode.swift; path = CGAffineTransformTests.swift; sourceTree = "<group>"; };
		AE93BE1F228783D6008118D7 /* CGLineJoinTests.swift */ = {isa = PBXFileReference; fileEncoding = 4; lastKnownFileType = sourcecode.swift; path = CGLineJoinTests.swift; sourceTree = "<group>"; };
		AE93BE20228783D6008118D7 /* CGSizeTests.swift */ = {isa = PBXFileReference; fileEncoding = 4; lastKnownFileType = sourcecode.swift; path = CGSizeTests.swift; sourceTree = "<group>"; };
		AE93BE21228783D6008118D7 /* CGFloatTests.swift */ = {isa = PBXFileReference; fileEncoding = 4; lastKnownFileType = sourcecode.swift; path = CGFloatTests.swift; sourceTree = "<group>"; };
		AE93BE22228783D6008118D7 /* CGVectorTests.swift */ = {isa = PBXFileReference; fileEncoding = 4; lastKnownFileType = sourcecode.swift; path = CGVectorTests.swift; sourceTree = "<group>"; };
		AE93BE23228783D6008118D7 /* CGPointTests.swift */ = {isa = PBXFileReference; fileEncoding = 4; lastKnownFileType = sourcecode.swift; path = CGPointTests.swift; sourceTree = "<group>"; };
		AE93BE24228783D6008118D7 /* CGLineCapTests.swift */ = {isa = PBXFileReference; fileEncoding = 4; lastKnownFileType = sourcecode.swift; path = CGLineCapTests.swift; sourceTree = "<group>"; };
		AE93BE26228783D6008118D7 /* CGRectTests.swift */ = {isa = PBXFileReference; fileEncoding = 4; lastKnownFileType = sourcecode.swift; path = CGRectTests.swift; sourceTree = "<group>"; };
		AE93BE27228783D6008118D7 /* LinuxMain.swift */ = {isa = PBXFileReference; fileEncoding = 4; lastKnownFileType = sourcecode.swift; path = LinuxMain.swift; sourceTree = "<group>"; };
		AE93BE34228783E7008118D7 /* CGSize+Outlaw.swift */ = {isa = PBXFileReference; fileEncoding = 4; lastKnownFileType = sourcecode.swift; path = "CGSize+Outlaw.swift"; sourceTree = "<group>"; };
		AE93BE35228783E7008118D7 /* CGRect+Outlaw.swift */ = {isa = PBXFileReference; fileEncoding = 4; lastKnownFileType = sourcecode.swift; path = "CGRect+Outlaw.swift"; sourceTree = "<group>"; };
		AE93BE36228783E7008118D7 /* CGAffineTransform+Outlaw.swift */ = {isa = PBXFileReference; fileEncoding = 4; lastKnownFileType = sourcecode.swift; path = "CGAffineTransform+Outlaw.swift"; sourceTree = "<group>"; };
		AE93BE37228783E7008118D7 /* CGLineCap+String.swift */ = {isa = PBXFileReference; fileEncoding = 4; lastKnownFileType = sourcecode.swift; path = "CGLineCap+String.swift"; sourceTree = "<group>"; };
		AE93BE38228783E7008118D7 /* CGPoint+Outlaw.swift */ = {isa = PBXFileReference; fileEncoding = 4; lastKnownFileType = sourcecode.swift; path = "CGPoint+Outlaw.swift"; sourceTree = "<group>"; };
		AE93BE39228783E7008118D7 /* CGVector+Outlaw.swift */ = {isa = PBXFileReference; fileEncoding = 4; lastKnownFileType = sourcecode.swift; path = "CGVector+Outlaw.swift"; sourceTree = "<group>"; };
		AE93BE3A228783E7008118D7 /* CGLineJoin+String.swift */ = {isa = PBXFileReference; fileEncoding = 4; lastKnownFileType = sourcecode.swift; path = "CGLineJoin+String.swift"; sourceTree = "<group>"; };
		AE93BE3B228783E7008118D7 /* CGFloat+Outlaw.swift */ = {isa = PBXFileReference; fileEncoding = 4; lastKnownFileType = sourcecode.swift; path = "CGFloat+Outlaw.swift"; sourceTree = "<group>"; };
		AE93BE4522878409008118D7 /* LICENSE.md */ = {isa = PBXFileReference; lastKnownFileType = net.daringfireball.markdown; name = LICENSE.md; path = ../LICENSE.md; sourceTree = "<group>"; };
		AE93BE4722878409008118D7 /* Cartfile */ = {isa = PBXFileReference; lastKnownFileType = text; name = Cartfile; path = ../Cartfile; sourceTree = "<group>"; };
		AE93BE4822878409008118D7 /* Cartfile.resolved */ = {isa = PBXFileReference; lastKnownFileType = text; name = Cartfile.resolved; path = ../Cartfile.resolved; sourceTree = "<group>"; };
		AE93BE4922878409008118D7 /* README.md */ = {isa = PBXFileReference; lastKnownFileType = net.daringfireball.markdown; name = README.md; path = ../README.md; sourceTree = "<group>"; };
		AE93BE4A22878450008118D7 /* Package.swift */ = {isa = PBXFileReference; lastKnownFileType = sourcecode.swift; name = Package.swift; path = ../Package.swift; sourceTree = "<group>"; };
		AE93BE4B228786D1008118D7 /* Outlaw.framework */ = {isa = PBXFileReference; explicitFileType = wrapper.framework; path = Outlaw.framework; sourceTree = BUILT_PRODUCTS_DIR; };
		AE93BE4D228786DC008118D7 /* Outlaw.framework */ = {isa = PBXFileReference; explicitFileType = wrapper.framework; path = Outlaw.framework; sourceTree = BUILT_PRODUCTS_DIR; };
		AE93BE4F228786F2008118D7 /* Outlaw.framework */ = {isa = PBXFileReference; explicitFileType = wrapper.framework; path = Outlaw.framework; sourceTree = BUILT_PRODUCTS_DIR; };
		AEB49CAF1E05DF240046FB29 /* OutlawCoreGraphics.framework */ = {isa = PBXFileReference; explicitFileType = wrapper.framework; includeInIndex = 0; path = OutlawCoreGraphics.framework; sourceTree = BUILT_PRODUCTS_DIR; };
		AEB49CB81E05DF240046FB29 /* OutlawCoreGraphicsTests.xctest */ = {isa = PBXFileReference; explicitFileType = wrapper.cfbundle; includeInIndex = 0; path = OutlawCoreGraphicsTests.xctest; sourceTree = BUILT_PRODUCTS_DIR; };
		AEB49CDB1E05E0CE0046FB29 /* Outlaw.framework */ = {isa = PBXFileReference; lastKnownFileType = wrapper.framework; name = Outlaw.framework; path = "Carthage/Checkouts/outlaw/build/Debug-iphoneos/Outlaw.framework"; sourceTree = "<group>"; };
		AEB49CE81E05E1FE0046FB29 /* Outlaw.framework */ = {isa = PBXFileReference; lastKnownFileType = wrapper.framework; path = Outlaw.framework; sourceTree = BUILT_PRODUCTS_DIR; };
/* End PBXFileReference section */

/* Begin PBXFrameworksBuildPhase section */
		AEB49CAB1E05DF240046FB29 /* Frameworks */ = {
			isa = PBXFrameworksBuildPhase;
			buildActionMask = 2147483647;
			files = (
				AE93BE50228786F2008118D7 /* Outlaw.framework in Frameworks */,
			);
			runOnlyForDeploymentPostprocessing = 0;
		};
		AEB49CB51E05DF240046FB29 /* Frameworks */ = {
			isa = PBXFrameworksBuildPhase;
			buildActionMask = 2147483647;
			files = (
				AE93BE4E228786DC008118D7 /* Outlaw.framework in Frameworks */,
				AEB49CB91E05DF240046FB29 /* OutlawCoreGraphics.framework in Frameworks */,
			);
			runOnlyForDeploymentPostprocessing = 0;
		};
/* End PBXFrameworksBuildPhase section */

/* Begin PBXGroup section */
		AE93BE0F228783C6008118D7 /* Xcode */ = {
			isa = PBXGroup;
			children = (
				AE93BE18228783C6008118D7 /* OutlawCoreGraphics */,
				AE93BE10228783C6008118D7 /* OutlawCoreGraphicsTests */,
				AE93BE1B228783C6008118D7 /* Molbie-Base.xcconfig */,
				AE93BE12228783C6008118D7 /* Molbie-Conditionals.xcconfig */,
				AE93BE14228783C6008118D7 /* Molbie-Debug.xcconfig */,
				AE93BE13228783C6008118D7 /* Molbie-Release.xcconfig */,
			);
			name = Xcode;
			sourceTree = "<group>";
		};
		AE93BE10228783C6008118D7 /* OutlawCoreGraphicsTests */ = {
			isa = PBXGroup;
			children = (
				AE93BE11228783C6008118D7 /* Info.plist */,
			);
			path = OutlawCoreGraphicsTests;
			sourceTree = "<group>";
		};
		AE93BE18228783C6008118D7 /* OutlawCoreGraphics */ = {
			isa = PBXGroup;
			children = (
				AE93BE19228783C6008118D7 /* OutlawCoreGraphics.h */,
				AE93BE1A228783C6008118D7 /* Info.plist */,
			);
			path = OutlawCoreGraphics;
			sourceTree = "<group>";
		};
		AE93BE1C228783D6008118D7 /* Tests */ = {
			isa = PBXGroup;
			children = (
				AE93BE1D228783D6008118D7 /* OutlawCoreGraphicsTests */,
				AE93BE27228783D6008118D7 /* LinuxMain.swift */,
			);
			name = Tests;
			path = ../Tests;
			sourceTree = "<group>";
		};
		AE93BE1D228783D6008118D7 /* OutlawCoreGraphicsTests */ = {
			isa = PBXGroup;
			children = (
				AE93BE1E228783D6008118D7 /* CGAffineTransformTests.swift */,
				AE93BE1F228783D6008118D7 /* CGLineJoinTests.swift */,
				AE93BE20228783D6008118D7 /* CGSizeTests.swift */,
				AE93BE21228783D6008118D7 /* CGFloatTests.swift */,
				AE93BE22228783D6008118D7 /* CGVectorTests.swift */,
				AE93BE23228783D6008118D7 /* CGPointTests.swift */,
				AE93BE24228783D6008118D7 /* CGLineCapTests.swift */,
				AE93BE26228783D6008118D7 /* CGRectTests.swift */,
			);
			path = OutlawCoreGraphicsTests;
			sourceTree = "<group>";
		};
		AE93BE32228783E7008118D7 /* Sources */ = {
			isa = PBXGroup;
			children = (
				AE93BE33228783E7008118D7 /* OutlawCoreGraphics */,
			);
			name = Sources;
			path = ../Sources;
			sourceTree = "<group>";
		};
		AE93BE33228783E7008118D7 /* OutlawCoreGraphics */ = {
			isa = PBXGroup;
			children = (
				AE93BE36228783E7008118D7 /* CGAffineTransform+Outlaw.swift */,
				AE93BE3B228783E7008118D7 /* CGFloat+Outlaw.swift */,
				AE93BE38228783E7008118D7 /* CGPoint+Outlaw.swift */,
				AE93BE35228783E7008118D7 /* CGRect+Outlaw.swift */,
				AE93BE34228783E7008118D7 /* CGSize+Outlaw.swift */,
				AE93BE39228783E7008118D7 /* CGVector+Outlaw.swift */,
				AE93BE37228783E7008118D7 /* CGLineCap+String.swift */,
				AE93BE3A228783E7008118D7 /* CGLineJoin+String.swift */,
			);
			path = OutlawCoreGraphics;
			sourceTree = "<group>";
		};
		AE93BE44228783F1008118D7 /* Project */ = {
			isa = PBXGroup;
			children = (
				AE93BE4A22878450008118D7 /* Package.swift */,
				AE93BE4722878409008118D7 /* Cartfile */,
				AE93BE4822878409008118D7 /* Cartfile.resolved */,
				AE93BE4522878409008118D7 /* LICENSE.md */,
				AE93BE4922878409008118D7 /* README.md */,
			);
			name = Project;
			sourceTree = "<group>";
		};
		AEB49CA51E05DF240046FB29 = {
			isa = PBXGroup;
			children = (
				AE93BE32228783E7008118D7 /* Sources */,
				AE93BE1C228783D6008118D7 /* Tests */,
				AE93BE0F228783C6008118D7 /* Xcode */,
				AE93BE44228783F1008118D7 /* Project */,
				AEB49CB01E05DF240046FB29 /* Products */,
				AEB49CDA1E05E0CE0046FB29 /* Frameworks */,
			);
			sourceTree = "<group>";
		};
		AEB49CB01E05DF240046FB29 /* Products */ = {
			isa = PBXGroup;
			children = (
				AEB49CAF1E05DF240046FB29 /* OutlawCoreGraphics.framework */,
				AEB49CB81E05DF240046FB29 /* OutlawCoreGraphicsTests.xctest */,
			);
			name = Products;
			sourceTree = "<group>";
		};
		AEB49CDA1E05E0CE0046FB29 /* Frameworks */ = {
			isa = PBXGroup;
			children = (
				AE93BE4F228786F2008118D7 /* Outlaw.framework */,
				AE93BE4D228786DC008118D7 /* Outlaw.framework */,
				AE93BE4B228786D1008118D7 /* Outlaw.framework */,
				AEB49CE81E05E1FE0046FB29 /* Outlaw.framework */,
				AEB49CDB1E05E0CE0046FB29 /* Outlaw.framework */,
			);
			name = Frameworks;
			sourceTree = "<group>";
		};
/* End PBXGroup section */

/* Begin PBXHeadersBuildPhase section */
		AEB49CAC1E05DF240046FB29 /* Headers */ = {
			isa = PBXHeadersBuildPhase;
			buildActionMask = 2147483647;
			files = (
			);
			runOnlyForDeploymentPostprocessing = 0;
		};
/* End PBXHeadersBuildPhase section */

/* Begin PBXNativeTarget section */
		AEB49CAE1E05DF240046FB29 /* OutlawCoreGraphics */ = {
			isa = PBXNativeTarget;
			buildConfigurationList = AEB49CC31E05DF240046FB29 /* Build configuration list for PBXNativeTarget "OutlawCoreGraphics" */;
			buildPhases = (
				AEB49CAA1E05DF240046FB29 /* Sources */,
				AEB49CAB1E05DF240046FB29 /* Frameworks */,
				AEB49CAC1E05DF240046FB29 /* Headers */,
				AEB49CAD1E05DF240046FB29 /* Resources */,
			);
			buildRules = (
			);
			dependencies = (
			);
			name = OutlawCoreGraphics;
			productName = OutlawCoreGraphics;
			productReference = AEB49CAF1E05DF240046FB29 /* OutlawCoreGraphics.framework */;
			productType = "com.apple.product-type.framework";
		};
		AEB49CB71E05DF240046FB29 /* OutlawCoreGraphicsTests */ = {
			isa = PBXNativeTarget;
			buildConfigurationList = AEB49CC61E05DF240046FB29 /* Build configuration list for PBXNativeTarget "OutlawCoreGraphicsTests" */;
			buildPhases = (
				AEB49CB41E05DF240046FB29 /* Sources */,
				AEB49CB51E05DF240046FB29 /* Frameworks */,
				AEB49CB61E05DF240046FB29 /* Resources */,
			);
			buildRules = (
			);
			dependencies = (
				AEB49CBB1E05DF240046FB29 /* PBXTargetDependency */,
			);
			name = OutlawCoreGraphicsTests;
			productName = OutlawCoreGraphicsTests;
			productReference = AEB49CB81E05DF240046FB29 /* OutlawCoreGraphicsTests.xctest */;
			productType = "com.apple.product-type.bundle.unit-test";
		};
/* End PBXNativeTarget section */

/* Begin PBXProject section */
		AEB49CA61E05DF240046FB29 /* Project object */ = {
			isa = PBXProject;
			attributes = {
				LastSwiftUpdateCheck = 0820;
				LastUpgradeCheck = 1020;
				ORGANIZATIONNAME = "Molbie LLC";
				TargetAttributes = {
					AEB49CAE1E05DF240046FB29 = {
						CreatedOnToolsVersion = 8.2;
						DevelopmentTeam = PWN4RN68X5;
						ProvisioningStyle = Automatic;
					};
					AEB49CB71E05DF240046FB29 = {
						CreatedOnToolsVersion = 8.2;
						DevelopmentTeam = PWN4RN68X5;
						ProvisioningStyle = Automatic;
					};
				};
			};
			buildConfigurationList = AEB49CA91E05DF240046FB29 /* Build configuration list for PBXProject "OutlawCoreGraphics" */;
			compatibilityVersion = "Xcode 3.2";
			developmentRegion = en;
			hasScannedForEncodings = 0;
			knownRegions = (
				en,
				Base,
			);
			mainGroup = AEB49CA51E05DF240046FB29;
			productRefGroup = AEB49CB01E05DF240046FB29 /* Products */;
			projectDirPath = "";
			projectRoot = "";
			targets = (
				AEB49CAE1E05DF240046FB29 /* OutlawCoreGraphics */,
				AEB49CB71E05DF240046FB29 /* OutlawCoreGraphicsTests */,
			);
		};
/* End PBXProject section */

/* Begin PBXResourcesBuildPhase section */
		AEB49CAD1E05DF240046FB29 /* Resources */ = {
			isa = PBXResourcesBuildPhase;
			buildActionMask = 2147483647;
			files = (
			);
			runOnlyForDeploymentPostprocessing = 0;
		};
		AEB49CB61E05DF240046FB29 /* Resources */ = {
			isa = PBXResourcesBuildPhase;
			buildActionMask = 2147483647;
			files = (
			);
			runOnlyForDeploymentPostprocessing = 0;
		};
/* End PBXResourcesBuildPhase section */

/* Begin PBXSourcesBuildPhase section */
		AEB49CAA1E05DF240046FB29 /* Sources */ = {
			isa = PBXSourcesBuildPhase;
			buildActionMask = 2147483647;
			files = (
				AE93BE41228783E7008118D7 /* CGVector+Outlaw.swift in Sources */,
				AE93BE3C228783E7008118D7 /* CGSize+Outlaw.swift in Sources */,
				AE93BE42228783E7008118D7 /* CGLineJoin+String.swift in Sources */,
				AE93BE3F228783E7008118D7 /* CGLineCap+String.swift in Sources */,
				AE93BE40228783E7008118D7 /* CGPoint+Outlaw.swift in Sources */,
				AE93BE3E228783E7008118D7 /* CGAffineTransform+Outlaw.swift in Sources */,
				AE93BE43228783E7008118D7 /* CGFloat+Outlaw.swift in Sources */,
				AE93BE3D228783E7008118D7 /* CGRect+Outlaw.swift in Sources */,
			);
			runOnlyForDeploymentPostprocessing = 0;
		};
		AEB49CB41E05DF240046FB29 /* Sources */ = {
			isa = PBXSourcesBuildPhase;
			buildActionMask = 2147483647;
			files = (
				AE93BE2B228783D6008118D7 /* CGFloatTests.swift in Sources */,
				AE93BE28228783D6008118D7 /* CGAffineTransformTests.swift in Sources */,
				AE93BE2E228783D6008118D7 /* CGLineCapTests.swift in Sources */,
				AE93BE2A228783D6008118D7 /* CGSizeTests.swift in Sources */,
				AE93BE29228783D6008118D7 /* CGLineJoinTests.swift in Sources */,
				AE93BE2D228783D6008118D7 /* CGPointTests.swift in Sources */,
				AE93BE2C228783D6008118D7 /* CGVectorTests.swift in Sources */,
				AE93BE30228783D6008118D7 /* CGRectTests.swift in Sources */,
			);
			runOnlyForDeploymentPostprocessing = 0;
		};
/* End PBXSourcesBuildPhase section */

/* Begin PBXTargetDependency section */
		AEB49CBB1E05DF240046FB29 /* PBXTargetDependency */ = {
			isa = PBXTargetDependency;
			target = AEB49CAE1E05DF240046FB29 /* OutlawCoreGraphics */;
			targetProxy = AEB49CBA1E05DF240046FB29 /* PBXContainerItemProxy */;
		};
/* End PBXTargetDependency section */

/* Begin XCBuildConfiguration section */
		AEB49CC11E05DF240046FB29 /* Debug */ = {
			isa = XCBuildConfiguration;
			baseConfigurationReference = AE93BE14228783C6008118D7 /* Molbie-Debug.xcconfig */;
			buildSettings = {
			};
			name = Debug;
		};
		AEB49CC21E05DF240046FB29 /* Release */ = {
			isa = XCBuildConfiguration;
			baseConfigurationReference = AE93BE13228783C6008118D7 /* Molbie-Release.xcconfig */;
			buildSettings = {
			};
			name = Release;
		};
		AEB49CC41E05DF240046FB29 /* Debug */ = {
			isa = XCBuildConfiguration;
			buildSettings = {
			};
			name = Debug;
		};
		AEB49CC51E05DF240046FB29 /* Release */ = {
			isa = XCBuildConfiguration;
			buildSettings = {
			};
			name = Release;
		};
		AEB49CC71E05DF240046FB29 /* Debug */ = {
			isa = XCBuildConfiguration;
			buildSettings = {
			};
			name = Debug;
		};
		AEB49CC81E05DF240046FB29 /* Release */ = {
			isa = XCBuildConfiguration;
			buildSettings = {
			};
			name = Release;
		};
/* End XCBuildConfiguration section */

/* Begin XCConfigurationList section */
		AEB49CA91E05DF240046FB29 /* Build configuration list for PBXProject "OutlawCoreGraphics" */ = {
			isa = XCConfigurationList;
			buildConfigurations = (
				AEB49CC11E05DF240046FB29 /* Debug */,
				AEB49CC21E05DF240046FB29 /* Release */,
			);
			defaultConfigurationIsVisible = 0;
			defaultConfigurationName = Release;
		};
		AEB49CC31E05DF240046FB29 /* Build configuration list for PBXNativeTarget "OutlawCoreGraphics" */ = {
			isa = XCConfigurationList;
			buildConfigurations = (
				AEB49CC41E05DF240046FB29 /* Debug */,
				AEB49CC51E05DF240046FB29 /* Release */,
			);
			defaultConfigurationIsVisible = 0;
			defaultConfigurationName = Release;
		};
		AEB49CC61E05DF240046FB29 /* Build configuration list for PBXNativeTarget "OutlawCoreGraphicsTests" */ = {
			isa = XCConfigurationList;
			buildConfigurations = (
				AEB49CC71E05DF240046FB29 /* Debug */,
				AEB49CC81E05DF240046FB29 /* Release */,
			);
			defaultConfigurationIsVisible = 0;
			defaultConfigurationName = Release;
		};
/* End XCConfigurationList section */
	};
	rootObject = AEB49CA61E05DF240046FB29 /* Project object */;
}
